// !$*UTF8*$!
{
	archiveVersion = 1;
	classes = {
	};
	objectVersion = 77;
	objects = {

/* Begin PBXContainerItemProxy section */
		D64725852ED3B51A00E2D67E /* PBXContainerItemProxy */ = {
			isa = PBXContainerItemProxy;
			containerPortal = D647256F2ED3B51800E2D67E /* Project object */;
			proxyType = 1;
			remoteGlobalIDString = D64725762ED3B51800E2D67E;
			remoteInfo = FireWorksEffect;
		};
		D647258F2ED3B51A00E2D67E /* PBXContainerItemProxy */ = {
			isa = PBXContainerItemProxy;
			containerPortal = D647256F2ED3B51800E2D67E /* Project object */;
			proxyType = 1;
			remoteGlobalIDString = D64725762ED3B51800E2D67E;
			remoteInfo = FireWorksEffect;
		};
/* End PBXContainerItemProxy section */

/* Begin PBXFileReference section */
		D64725772ED3B51800E2D67E /* FireWorksEffect.app */ = {isa = PBXFileReference; explicitFileType = wrapper.application; includeInIndex = 0; path = FireWorksEffect.app; sourceTree = BUILT_PRODUCTS_DIR; };
		D64725842ED3B51A00E2D67E /* FireWorksEffectTests.xctest */ = {isa = PBXFileReference; explicitFileType = wrapper.cfbundle; includeInIndex = 0; path = FireWorksEffectTests.xctest; sourceTree = BUILT_PRODUCTS_DIR; };
		D647258E2ED3B51A00E2D67E /* FireWorksEffectUITests.xctest */ = {isa = PBXFileReference; explicitFileType = wrapper.cfbundle; includeInIndex = 0; path = FireWorksEffectUITests.xctest; sourceTree = BUILT_PRODUCTS_DIR; };
/* End PBXFileReference section */

/* Begin PBXFileSystemSynchronizedRootGroup section */
		D64725792ED3B51800E2D67E /* FireWorksEffect */ = {
			isa = PBXFileSystemSynchronizedRootGroup;
			path = FireWorksEffect;
			sourceTree = "<group>";
		};
		D64725872ED3B51A00E2D67E /* FireWorksEffectTests */ = {
			isa = PBXFileSystemSynchronizedRootGroup;
			path = FireWorksEffectTests;
			sourceTree = "<group>";
		};
		D64725912ED3B51A00E2D67E /* FireWorksEffectUITests */ = {
			isa = PBXFileSystemSynchronizedRootGroup;
			path = FireWorksEffectUITests;
			sourceTree = "<group>";
		};
/* End PBXFileSystemSynchronizedRootGroup section */

/* Begin PBXFrameworksBuildPhase section */
		D64725742ED3B51800E2D67E /* Frameworks */ = {
			isa = PBXFrameworksBuildPhase;
			buildActionMask = 2147483647;
			files = (
			);
			runOnlyForDeploymentPostprocessing = 0;
		};
		D64725812ED3B51A00E2D67E /* Frameworks */ = {
			isa = PBXFrameworksBuildPhase;
			buildActionMask = 2147483647;
			files = (
			);
			runOnlyForDeploymentPostprocessing = 0;
		};
		D647258B2ED3B51A00E2D67E /* Frameworks */ = {
			isa = PBXFrameworksBuildPhase;
			buildActionMask = 2147483647;
			files = (
			);
			runOnlyForDeploymentPostprocessing = 0;
		};
/* End PBXFrameworksBuildPhase section */

/* Begin PBXGroup section */
		D647256E2ED3B51800E2D67E = {
			isa = PBXGroup;
			children = (
				D64725792ED3B51800E2D67E /* FireWorksEffect */,
				D64725872ED3B51A00E2D67E /* FireWorksEffectTests */,
				D64725912ED3B51A00E2D67E /* FireWorksEffectUITests */,
				D64725782ED3B51800E2D67E /* Products */,
			);
			sourceTree = "<group>";
		};
		D64725782ED3B51800E2D67E /* Products */ = {
			isa = PBXGroup;
			children = (
				D64725772ED3B51800E2D67E /* FireWorksEffect.app */,
				D64725842ED3B51A00E2D67E /* FireWorksEffectTests.xctest */,
				D647258E2ED3B51A00E2D67E /* FireWorksEffectUITests.xctest */,
			);
			name = Products;
			sourceTree = "<group>";
		};
/* End PBXGroup section */

/* Begin PBXNativeTarget section */
		D64725762ED3B51800E2D67E /* FireWorksEffect */ = {
			isa = PBXNativeTarget;
			buildConfigurationList = D64725982ED3B51A00E2D67E /* Build configuration list for PBXNativeTarget "FireWorksEffect" */;
			buildPhases = (
				D64725732ED3B51800E2D67E /* Sources */,
				D64725742ED3B51800E2D67E /* Frameworks */,
				D64725752ED3B51800E2D67E /* Resources */,
			);
			buildRules = (
			);
			dependencies = (
			);
			fileSystemSynchronizedGroups = (
				D64725792ED3B51800E2D67E /* FireWorksEffect */,
			);
			name = FireWorksEffect;
			packageProductDependencies = (
			);
			productName = FireWorksEffect;
			productReference = D64725772ED3B51800E2D67E /* FireWorksEffect.app */;
			productType = "com.apple.product-type.application";
		};
		D64725832ED3B51A00E2D67E /* FireWorksEffectTests */ = {
			isa = PBXNativeTarget;
			buildConfigurationList = D647259B2ED3B51A00E2D67E /* Build configuration list for PBXNativeTarget "FireWorksEffectTests" */;
			buildPhases = (
				D64725802ED3B51A00E2D67E /* Sources */,
				D64725812ED3B51A00E2D67E /* Frameworks */,
				D64725822ED3B51A00E2D67E /* Resources */,
			);
			buildRules = (
			);
			dependencies = (
				D64725862ED3B51A00E2D67E /* PBXTargetDependency */,
			);
			fileSystemSynchronizedGroups = (
				D64725872ED3B51A00E2D67E /* FireWorksEffectTests */,
			);
			name = FireWorksEffectTests;
			packageProductDependencies = (
			);
			productName = FireWorksEffectTests;
			productReference = D64725842ED3B51A00E2D67E /* FireWorksEffectTests.xctest */;
			productType = "com.apple.product-type.bundle.unit-test";
		};
		D647258D2ED3B51A00E2D67E /* FireWorksEffectUITests */ = {
			isa = PBXNativeTarget;
			buildConfigurationList = D647259E2ED3B51A00E2D67E /* Build configuration list for PBXNativeTarget "FireWorksEffectUITests" */;
			buildPhases = (
				D647258A2ED3B51A00E2D67E /* Sources */,
				D647258B2ED3B51A00E2D67E /* Frameworks */,
				D647258C2ED3B51A00E2D67E /* Resources */,
			);
			buildRules = (
			);
			dependencies = (
				D64725902ED3B51A00E2D67E /* PBXTargetDependency */,
			);
			fileSystemSynchronizedGroups = (
				D64725912ED3B51A00E2D67E /* FireWorksEffectUITests */,
			);
			name = FireWorksEffectUITests;
			packageProductDependencies = (
			);
			productName = FireWorksEffectUITests;
			productReference = D647258E2ED3B51A00E2D67E /* FireWorksEffectUITests.xctest */;
			productType = "com.apple.product-type.bundle.ui-testing";
		};
/* End PBXNativeTarget section */

/* Begin PBXProject section */
		D647256F2ED3B51800E2D67E /* Project object */ = {
			isa = PBXProject;
			attributes = {
				BuildIndependentTargetsInParallel = 1;
				LastSwiftUpdateCheck = 1640;
				LastUpgradeCheck = 1640;
				TargetAttributes = {
					D64725762ED3B51800E2D67E = {
						CreatedOnToolsVersion = 16.4;
					};
					D64725832ED3B51A00E2D67E = {
						CreatedOnToolsVersion = 16.4;
						TestTargetID = D64725762ED3B51800E2D67E;
					};
					D647258D2ED3B51A00E2D67E = {
						CreatedOnToolsVersion = 16.4;
						TestTargetID = D64725762ED3B51800E2D67E;
					};
				};
			};
			buildConfigurationList = D64725722ED3B51800E2D67E /* Build configuration list for PBXProject "FireWorksEffect" */;
			developmentRegion = en;
			hasScannedForEncodings = 0;
			knownRegions = (
				en,
				Base,
			);
			mainGroup = D647256E2ED3B51800E2D67E;
			minimizedProjectReferenceProxies = 1;
			preferredProjectObjectVersion = 77;
			productRefGroup = D64725782ED3B51800E2D67E /* Products */;
			projectDirPath = "";
			projectRoot = "";
			targets = (
				D64725762ED3B51800E2D67E /* FireWorksEffect */,
				D64725832ED3B51A00E2D67E /* FireWorksEffectTests */,
				D647258D2ED3B51A00E2D67E /* FireWorksEffectUITests */,
			);
		};
/* End PBXProject section */

/* Begin PBXResourcesBuildPhase section */
		D64725752ED3B51800E2D67E /* Resources */ = {
			isa = PBXResourcesBuildPhase;
			buildActionMask = 2147483647;
			files = (
			);
			runOnlyForDeploymentPostprocessing = 0;
		};
		D64725822ED3B51A00E2D67E /* Resources */ = {
			isa = PBXResourcesBuildPhase;
			buildActionMask = 2147483647;
			files = (
			);
			runOnlyForDeploymentPostprocessing = 0;
		};
		D647258C2ED3B51A00E2D67E /* Resources */ = {
			isa = PBXResourcesBuildPhase;
			buildActionMask = 2147483647;
			files = (
			);
			runOnlyForDeploymentPostprocessing = 0;
		};
/* End PBXResourcesBuildPhase section */

/* Begin PBXSourcesBuildPhase section */
		D64725732ED3B51800E2D67E /* Sources */ = {
			isa = PBXSourcesBuildPhase;
			buildActionMask = 2147483647;
			files = (
			);
			runOnlyForDeploymentPostprocessing = 0;
		};
		D64725802ED3B51A00E2D67E /* Sources */ = {
			isa = PBXSourcesBuildPhase;
			buildActionMask = 2147483647;
			files = (
			);
			runOnlyForDeploymentPostprocessing = 0;
		};
		D647258A2ED3B51A00E2D67E /* Sources */ = {
			isa = PBXSourcesBuildPhase;
			buildActionMask = 2147483647;
			files = (
			);
			runOnlyForDeploymentPostprocessing = 0;
		};
/* End PBXSourcesBuildPhase section */

/* Begin PBXTargetDependency section */
		D64725862ED3B51A00E2D67E /* PBXTargetDependency */ = {
			isa = PBXTargetDependency;
			target = D64725762ED3B51800E2D67E /* FireWorksEffect */;
			targetProxy = D64725852ED3B51A00E2D67E /* PBXContainerItemProxy */;
		};
		D64725902ED3B51A00E2D67E /* PBXTargetDependency */ = {
			isa = PBXTargetDependency;
			target = D64725762ED3B51800E2D67E /* FireWorksEffect */;
			targetProxy = D647258F2ED3B51A00E2D67E /* PBXContainerItemProxy */;
		};
/* End PBXTargetDependency section */

/* Begin XCBuildConfiguration section */
		D64725962ED3B51A00E2D67E /* Debug */ = {
			isa = XCBuildConfiguration;
			buildSettings = {
				ALWAYS_SEARCH_USER_PATHS = NO;
				ASSETCATALOG_COMPILER_GENERATE_SWIFT_ASSET_SYMBOL_EXTENSIONS = YES;
				CLANG_ANALYZER_NONNULL = YES;
				CLANG_ANALYZER_NUMBER_OBJECT_CONVERSION = YES_AGGRESSIVE;
				CLANG_CXX_LANGUAGE_STANDARD = "gnu++20";
				CLANG_ENABLE_MODULES = YES;
				CLANG_ENABLE_OBJC_ARC = YES;
				CLANG_ENABLE_OBJC_WEAK = YES;
				CLANG_WARN_BLOCK_CAPTURE_AUTORELEASING = YES;
				CLANG_WARN_BOOL_CONVERSION = YES;
				CLANG_WARN_COMMA = YES;
				CLANG_WARN_CONSTANT_CONVERSION = YES;
				CLANG_WARN_DEPRECATED_OBJC_IMPLEMENTATIONS = YES;
				CLANG_WARN_DIRECT_OBJC_ISA_USAGE = YES_ERROR;
				CLANG_WARN_DOCUMENTATION_COMMENTS = YES;
				CLANG_WARN_EMPTY_BODY = YES;
				CLANG_WARN_ENUM_CONVERSION = YES;
				CLANG_WARN_INFINITE_RECURSION = YES;
				CLANG_WARN_INT_CONVERSION = YES;
				CLANG_WARN_NON_LITERAL_NULL_CONVERSION = YES;
				CLANG_WARN_OBJC_IMPLICIT_RETAIN_SELF = YES;
				CLANG_WARN_OBJC_LITERAL_CONVERSION = YES;
				CLANG_WARN_OBJC_ROOT_CLASS = YES_ERROR;
				CLANG_WARN_QUOTED_INCLUDE_IN_FRAMEWORK_HEADER = YES;
				CLANG_WARN_RANGE_LOOP_ANALYSIS = YES;
				CLANG_WARN_STRICT_PROTOTYPES = YES;
				CLANG_WARN_SUSPICIOUS_MOVE = YES;
				CLANG_WARN_UNGUARDED_AVAILABILITY = YES_AGGRESSIVE;
				CLANG_WARN_UNREACHABLE_CODE = YES;
				CLANG_WARN__DUPLICATE_METHOD_MATCH = YES;
				COPY_PHASE_STRIP = NO;
				DEBUG_INFORMATION_FORMAT = dwarf;
				ENABLE_STRICT_OBJC_MSGSEND = YES;
				ENABLE_TESTABILITY = YES;
				ENABLE_USER_SCRIPT_SANDBOXING = YES;
				GCC_C_LANGUAGE_STANDARD = gnu17;
				GCC_DYNAMIC_NO_PIC = NO;
				GCC_NO_COMMON_BLOCKS = YES;
				GCC_OPTIMIZATION_LEVEL = 0;
				GCC_PREPROCESSOR_DEFINITIONS = (
					"DEBUG=1",
					"$(inherited)",
				);
				GCC_WARN_64_TO_32_BIT_CONVERSION = YES;
				GCC_WARN_ABOUT_RETURN_TYPE = YES_ERROR;
				GCC_WARN_UNDECLARED_SELECTOR = YES;
				GCC_WARN_UNINITIALIZED_AUTOS = YES_AGGRESSIVE;
				GCC_WARN_UNUSED_FUNCTION = YES;
				GCC_WARN_UNUSED_VARIABLE = YES;
				IPHONEOS_DEPLOYMENT_TARGET = 18.5;
				LOCALIZATION_PREFERS_STRING_CATALOGS = YES;
				MTL_ENABLE_DEBUG_INFO = INCLUDE_SOURCE;
				MTL_FAST_MATH = YES;
				ONLY_ACTIVE_ARCH = YES;
				SDKROOT = iphoneos;
				SWIFT_ACTIVE_COMPILATION_CONDITIONS = "DEBUG $(inherited)";
				SWIFT_OPTIMIZATION_LEVEL = "-Onone";
			};
			name = Debug;
		};
		D64725972ED3B51A00E2D67E /* Release */ = {
			isa = XCBuildConfiguration;
			buildSettings = {
				ALWAYS_SEARCH_USER_PATHS = NO;
				ASSETCATALOG_COMPILER_GENERATE_SWIFT_ASSET_SYMBOL_EXTENSIONS = YES;
				CLANG_ANALYZER_NONNULL = YES;
				CLANG_ANALYZER_NUMBER_OBJECT_CONVERSION = YES_AGGRESSIVE;
				CLANG_CXX_LANGUAGE_STANDARD = "gnu++20";
				CLANG_ENABLE_MODULES = YES;
				CLANG_ENABLE_OBJC_ARC = YES;
				CLANG_ENABLE_OBJC_WEAK = YES;
				CLANG_WARN_BLOCK_CAPTURE_AUTORELEASING = YES;
				CLANG_WARN_BOOL_CONVERSION = YES;
				CLANG_WARN_COMMA = YES;
				CLANG_WARN_CONSTANT_CONVERSION = YES;
				CLANG_WARN_DEPRECATED_OBJC_IMPLEMENTATIONS = YES;
				CLANG_WARN_DIRECT_OBJC_ISA_USAGE = YES_ERROR;
				CLANG_WARN_DOCUMENTATION_COMMENTS = YES;
				CLANG_WARN_EMPTY_BODY = YES;
				CLANG_WARN_ENUM_CONVERSION = YES;
				CLANG_WARN_INFINITE_RECURSION = YES;
				CLANG_WARN_INT_CONVERSION = YES;
				CLANG_WARN_NON_LITERAL_NULL_CONVERSION = YES;
				CLANG_WARN_OBJC_IMPLICIT_RETAIN_SELF = YES;
				CLANG_WARN_OBJC_LITERAL_CONVERSION = YES;
				CLANG_WARN_OBJC_ROOT_CLASS = YES_ERROR;
				CLANG_WARN_QUOTED_INCLUDE_IN_FRAMEWORK_HEADER = YES;
				CLANG_WARN_RANGE_LOOP_ANALYSIS = YES;
				CLANG_WARN_STRICT_PROTOTYPES = YES;
				CLANG_WARN_SUSPICIOUS_MOVE = YES;
				CLANG_WARN_UNGUARDED_AVAILABILITY = YES_AGGRESSIVE;
				CLANG_WARN_UNREACHABLE_CODE = YES;
				CLANG_WARN__DUPLICATE_METHOD_MATCH = YES;
				COPY_PHASE_STRIP = NO;
				DEBUG_INFORMATION_FORMAT = "dwarf-with-dsym";
				ENABLE_NS_ASSERTIONS = NO;
				ENABLE_STRICT_OBJC_MSGSEND = YES;
				ENABLE_USER_SCRIPT_SANDBOXING = YES;
				GCC_C_LANGUAGE_STANDARD = gnu17;
				GCC_NO_COMMON_BLOCKS = YES;
				GCC_WARN_64_TO_32_BIT_CONVERSION = YES;
				GCC_WARN_ABOUT_RETURN_TYPE = YES_ERROR;
				GCC_WARN_UNDECLARED_SELECTOR = YES;
				GCC_WARN_UNINITIALIZED_AUTOS = YES_AGGRESSIVE;
				GCC_WARN_UNUSED_FUNCTION = YES;
				GCC_WARN_UNUSED_VARIABLE = YES;
				IPHONEOS_DEPLOYMENT_TARGET = 18.5;
				LOCALIZATION_PREFERS_STRING_CATALOGS = YES;
				MTL_ENABLE_DEBUG_INFO = NO;
				MTL_FAST_MATH = YES;
				SDKROOT = iphoneos;
				SWIFT_COMPILATION_MODE = wholemodule;
				VALIDATE_PRODUCT = YES;
			};
			name = Release;
		};
		D64725992ED3B51A00E2D67E /* Debug */ = {
			isa = XCBuildConfiguration;
			buildSettings = {
				ASSETCATALOG_COMPILER_APPICON_NAME = AppIcon;
				ASSETCATALOG_COMPILER_GLOBAL_ACCENT_COLOR_NAME = AccentColor;
				CODE_SIGN_STYLE = Automatic;
				CURRENT_PROJECT_VERSION = 1;
				ENABLE_PREVIEWS = YES;
				GENERATE_INFOPLIST_FILE = YES;
				INFOPLIST_KEY_UIApplicationSceneManifest_Generation = YES;
				INFOPLIST_KEY_UIApplicationSupportsIndirectInputEvents = YES;
				INFOPLIST_KEY_UILaunchScreen_Generation = YES;
				INFOPLIST_KEY_UISupportedInterfaceOrientations_iPad = "UIInterfaceOrientationPortrait UIInterfaceOrientationPortraitUpsideDown UIInterfaceOrientationLandscapeLeft UIInterfaceOrientationLandscapeRight";
				INFOPLIST_KEY_UISupportedInterfaceOrientations_iPhone = "UIInterfaceOrientationPortrait UIInterfaceOrientationLandscapeLeft UIInterfaceOrientationLandscapeRight";
				LD_RUNPATH_SEARCH_PATHS = (
					"$(inherited)",
					"@executable_path/Frameworks",
				);
				MARKETING_VERSION = 1.0;
				PRODUCT_BUNDLE_IDENTIFIER = com.template.FireWorksEffect;
				PRODUCT_NAME = "$(TARGET_NAME)";
				SWIFT_EMIT_LOC_STRINGS = YES;
				SWIFT_VERSION = 5.0;
				TARGETED_DEVICE_FAMILY = "1,2";
			};
			name = Debug;
		};
		D647259A2ED3B51A00E2D67E /* Release */ = {
			isa = XCBuildConfiguration;
			buildSettings = {
				ASSETCATALOG_COMPILER_APPICON_NAME = AppIcon;
				ASSETCATALOG_COMPILER_GLOBAL_ACCENT_COLOR_NAME = AccentColor;
				CODE_SIGN_STYLE = Automatic;
				CURRENT_PROJECT_VERSION = 1;
				ENABLE_PREVIEWS = YES;
				GENERATE_INFOPLIST_FILE = YES;
				INFOPLIST_KEY_UIApplicationSceneManifest_Generation = YES;
				INFOPLIST_KEY_UIApplicationSupportsIndirectInputEvents = YES;
				INFOPLIST_KEY_UILaunchScreen_Generation = YES;
				INFOPLIST_KEY_UISupportedInterfaceOrientations_iPad = "UIInterfaceOrientationPortrait UIInterfaceOrientationPortraitUpsideDown UIInterfaceOrientationLandscapeLeft UIInterfaceOrientationLandscapeRight";
				INFOPLIST_KEY_UISupportedInterfaceOrientations_iPhone = "UIInterfaceOrientationPortrait UIInterfaceOrientationLandscapeLeft UIInterfaceOrientationLandscapeRight";
				LD_RUNPATH_SEARCH_PATHS = (
					"$(inherited)",
					"@executable_path/Frameworks",
				);
				MARKETING_VERSION = 1.0;
				PRODUCT_BUNDLE_IDENTIFIER = com.template.FireWorksEffect;
				PRODUCT_NAME = "$(TARGET_NAME)";
				SWIFT_EMIT_LOC_STRINGS = YES;
				SWIFT_VERSION = 5.0;
				TARGETED_DEVICE_FAMILY = "1,2";
			};
			name = Release;
		};
		D647259C2ED3B51A00E2D67E /* Debug */ = {
			isa = XCBuildConfiguration;
			buildSettings = {
				BUNDLE_LOADER = "$(TEST_HOST)";
				CODE_SIGN_STYLE = Automatic;
				CURRENT_PROJECT_VERSION = 1;
				GENERATE_INFOPLIST_FILE = YES;
				IPHONEOS_DEPLOYMENT_TARGET = 18.5;
				MARKETING_VERSION = 1.0;
				PRODUCT_BUNDLE_IDENTIFIER = com.template.FireWorksEffectTests;
				PRODUCT_NAME = "$(TARGET_NAME)";
				SWIFT_EMIT_LOC_STRINGS = NO;
				SWIFT_VERSION = 5.0;
				TARGETED_DEVICE_FAMILY = "1,2";
				TEST_HOST = "$(BUILT_PRODUCTS_DIR)/FireWorksEffect.app/$(BUNDLE_EXECUTABLE_FOLDER_PATH)/FireWorksEffect";
			};
			name = Debug;
		};
		D647259D2ED3B51A00E2D67E /* Release */ = {
			isa = XCBuildConfiguration;
			buildSettings = {
				BUNDLE_LOADER = "$(TEST_HOST)";
				CODE_SIGN_STYLE = Automatic;
				CURRENT_PROJECT_VERSION = 1;
				GENERATE_INFOPLIST_FILE = YES;
				IPHONEOS_DEPLOYMENT_TARGET = 18.5;
				MARKETING_VERSION = 1.0;
				PRODUCT_BUNDLE_IDENTIFIER = com.template.FireWorksEffectTests;
				PRODUCT_NAME = "$(TARGET_NAME)";
				SWIFT_EMIT_LOC_STRINGS = NO;
				SWIFT_VERSION = 5.0;
				TARGETED_DEVICE_FAMILY = "1,2";
				TEST_HOST = "$(BUILT_PRODUCTS_DIR)/FireWorksEffect.app/$(BUNDLE_EXECUTABLE_FOLDER_PATH)/FireWorksEffect";
			};
			name = Release;
		};
		D647259F2ED3B51A00E2D67E /* Debug */ = {
			isa = XCBuildConfiguration;
			buildSettings = {
				CODE_SIGN_STYLE = Automatic;
				CURRENT_PROJECT_VERSION = 1;
				GENERATE_INFOPLIST_FILE = YES;
				MARKETING_VERSION = 1.0;
				PRODUCT_BUNDLE_IDENTIFIER = com.template.FireWorksEffectUITests;
				PRODUCT_NAME = "$(TARGET_NAME)";
				SWIFT_EMIT_LOC_STRINGS = NO;
				SWIFT_VERSION = 5.0;
				TARGETED_DEVICE_FAMILY = "1,2";
				TEST_TARGET_NAME = FireWorksEffect;
			};
			name = Debug;
		};
		D64725A02ED3B51A00E2D67E /* Release */ = {
			isa = XCBuildConfiguration;
			buildSettings = {
				CODE_SIGN_STYLE = Automatic;
				CURRENT_PROJECT_VERSION = 1;
				GENERATE_INFOPLIST_FILE = YES;
				MARKETING_VERSION = 1.0;
				PRODUCT_BUNDLE_IDENTIFIER = com.template.FireWorksEffectUITests;
				PRODUCT_NAME = "$(TARGET_NAME)";
				SWIFT_EMIT_LOC_STRINGS = NO;
				SWIFT_VERSION = 5.0;
				TARGETED_DEVICE_FAMILY = "1,2";
				TEST_TARGET_NAME = FireWorksEffect;
			};
			name = Release;
		};
/* End XCBuildConfiguration section */

/* Begin XCConfigurationList section */
		D64725722ED3B51800E2D67E /* Build configuration list for PBXProject "FireWorksEffect" */ = {
			isa = XCConfigurationList;
			buildConfigurations = (
				D64725962ED3B51A00E2D67E /* Debug */,
				D64725972ED3B51A00E2D67E /* Release */,
			);
			defaultConfigurationIsVisible = 0;
			defaultConfigurationName = Release;
		};
		D64725982ED3B51A00E2D67E /* Build configuration list for PBXNativeTarget "FireWorksEffect" */ = {
			isa = XCConfigurationList;
			buildConfigurations = (
				D64725992ED3B51A00E2D67E /* Debug */,
				D647259A2ED3B51A00E2D67E /* Release */,
			);
			defaultConfigurationIsVisible = 0;
			defaultConfigurationName = Release;
		};
		D647259B2ED3B51A00E2D67E /* Build configuration list for PBXNativeTarget "FireWorksEffectTests" */ = {
			isa = XCConfigurationList;
			buildConfigurations = (
				D647259C2ED3B51A00E2D67E /* Debug */,
				D647259D2ED3B51A00E2D67E /* Release */,
			);
			defaultConfigurationIsVisible = 0;
			defaultConfigurationName = Release;
		};
		D647259E2ED3B51A00E2D67E /* Build configuration list for PBXNativeTarget "FireWorksEffectUITests" */ = {
			isa = XCConfigurationList;
			buildConfigurations = (
				D647259F2ED3B51A00E2D67E /* Debug */,
				D64725A02ED3B51A00E2D67E /* Release */,
			);
			defaultConfigurationIsVisible = 0;
			defaultConfigurationName = Release;
		};
/* End XCConfigurationList section */
	};
	rootObject = D647256F2ED3B51800E2D67E /* Project object */;
}
